
Microsoft Visual Studio Solution File, Format Version 12.00
# Visual Studio Version 17
VisualStudioVersion = 17.1.32210.238
MinimumVisualStudioVersion = 10.0.40219.1
Project("{FAE04EC0-301F-11D3-BF4B-00C04F79EFBC}") = "App0309", "App0309\App0309.csproj", "{0E0F3D89-0641-41E8-BB1F-A5ABDF263258}"
EndProject
Global
	GlobalSection(SolutionConfigurationPlatforms) = preSolution
		Debug|Any CPU = Debug|Any CPU
		Release|Any CPU = Release|Any CPU
	EndGlobalSection
	GlobalSection(ProjectConfigurationPlatforms) = postSolution
		{0E0F3D89-0641-41E8-BB1F-A5ABDF263258}.Debug|Any CPU.ActiveCfg = Debug|Any CPU
		{0E0F3D89-0641-41E8-BB1F-A5ABDF263258}.Debug|Any CPU.Build.0 = Debug|Any CPU
		{0E0F3D89-0641-41E8-BB1F-A5ABDF263258}.Release|Any CPU.ActiveCfg = Release|Any CPU
		{0E0F3D89-0641-41E8-BB1F-A5ABDF263258}.Release|Any CPU.Build.0 = Release|Any CPU
	EndGlobalSection
	GlobalSection(SolutionProperties) = preSolution
		HideSolutionNode = FALSE
	EndGlobalSection
	GlobalSection(ExtensibilityGlobals) = postSolution
		SolutionGuid = {55D80AFA-FF8F-49B5-A591-C3B2BEF2751B}
	EndGlobalSection
EndGlobal
